# This file was autogenerated by Stack.
# You should not edit this file by hand.
# For more information, please see the documentation at:
#   https://docs.haskellstack.org/en/stable/lock_files

packages:
- completed:
    hackage: xmonad-contrib-0.16@sha256:2180158db559b2a0507c2246b129ee0918b5143be6eff5fb7fdae027fc9a356e,16297
    pantry-tree:
      size: 19578
      sha256: 207bed7f14f59d8e08427f062089ead64f871ee3ba633c2b181d0b5ab2775a4f
  original:
    hackage: xmonad-contrib-0.16@sha256:2180158db559b2a0507c2246b129ee0918b5143be6eff5fb7fdae027fc9a356e,16297
- completed:
    hackage: xmonad-0.15@sha256:8da7cffd1d1f837f4559d9f69e86db58f022231b4996ef3fc894c28bb149107b,5397
    pantry-tree:
      size: 2474
      sha256: a1a81f4c7051fe86cfa91ef9a84086c3157068687ad91f1f543a81c8277d53f8
  original:
    hackage: xmonad-0.15@sha256:8da7cffd1d1f837f4559d9f69e86db58f022231b4996ef3fc894c28bb149107b,5397
- completed:
    hackage: xmobar-0.38@sha256:f58ff3e2d6366c7d782c1e4406dcc152641f431a3bd492b7ab1dde34ca4624df,12080
    pantry-tree:
      size: 6598
      sha256: d1aae301223f1637a3348f818b3c2f397c0bcae62e2c87d25320731352a00de5
  original:
    hackage: xmobar-0.38@sha256:f58ff3e2d6366c7d782c1e4406dcc152641f431a3bd492b7ab1dde34ca4624df,12080
snapshots:
- completed:
    size: 585817
    url: https://raw.githubusercontent.com/commercialhaskell/stackage-snapshots/master/lts/18/4.yaml
    sha256: ea3a318eafa9e9cc56bfbe46099fd0d54d32641ab7bbe1d182ed8f5de39f804c
  original: lts-18.4
