# This file was autogenerated by Stack.
# You should not edit this file by hand.
# For more information, please see the documentation at:
#   https://docs.haskellstack.org/en/stable/lock_files

packages:
- completed:
    hackage: xmonad-contrib-0.17.1@sha256:df50cc15569c0bb4bc79cd031f7283f20760ae453887785f4689ab09ecb28935,21951
    pantry-tree:
      size: 22735
      sha256: e5c991ae33c3a09cf40d09cc18ebf42dd6b0992fd5d6acca94650926f7984377
  original:
    hackage: xmonad-contrib-0.17.1@sha256:df50cc15569c0bb4bc79cd031f7283f20760ae453887785f4689ab09ecb28935,21951
- completed:
    hackage: xmonad-0.17.1@sha256:63a52cf808ddd8f4320084bc3577c167c0e6add013555c05fd32ceb3bccdfce5,5759
    pantry-tree:
      size: 2486
      sha256: 74589fbc42e4179a055801966afdb86e95b4012edcbd867583334cab24439046
  original:
    hackage: xmonad-0.17.1@sha256:63a52cf808ddd8f4320084bc3577c167c0e6add013555c05fd32ceb3bccdfce5,5759
- completed:
    hackage: xmobar-0.38@sha256:f58ff3e2d6366c7d782c1e4406dcc152641f431a3bd492b7ab1dde34ca4624df,12080
    pantry-tree:
      size: 6598
      sha256: d1aae301223f1637a3348f818b3c2f397c0bcae62e2c87d25320731352a00de5
  original:
    hackage: xmobar-0.38@sha256:f58ff3e2d6366c7d782c1e4406dcc152641f431a3bd492b7ab1dde34ca4624df,12080
snapshots:
- completed:
    size: 590100
    url: https://raw.githubusercontent.com/commercialhaskell/stackage-snapshots/master/lts/18/28.yaml
    sha256: 428ec8d5ce932190d3cbe266b9eb3c175cd81e984babf876b64019e2cbe4ea68
  original: lts-18.28
